
Microsoft Visual Studio Solution File, Format Version 12.00
# Visual Studio 2012
Project("{FAE04EC0-301F-11D3-BF4B-00C04F79EFBC}") = "MkvTagger", "MkvTagger.csproj", "{3C417313-160B-49C5-8BBE-3B2FA32AF990}"
EndProject
Project("{2150E333-8FDC-42A3-9474-1A3956D46DE8}") = ".nuget", ".nuget", "{F8C916C5-D165-4E74-92ED-F207C81364D3}"
	ProjectSection(SolutionItems) = preProject
		.nuget\NuGet.Config = .nuget\NuGet.Config
		.nuget\NuGet.exe = .nuget\NuGet.exe
		.nuget\NuGet.targets = .nuget\NuGet.targets
	EndProjectSection
EndProject
Project("{2150E333-8FDC-42A3-9474-1A3956D46DE8}") = "MediaPortal.OnlineLibraries", "MediaPortal.OnlineLibraries", "{1CC8AF7B-F88D-4845-A25D-6B9CBB153AA0}"
EndProject
Project("{FAE04EC0-301F-11D3-BF4B-00C04F79EFBC}") = "MediaPortal.OnlineLibraries", "MediaPortal.OnlineLibraries\MediaPortal.OnlineLibraries\MediaPortal.OnlineLibraries.csproj", "{22305E6B-EBB8-4A25-9145-6CC1D9431D00}"
EndProject
Project("{FAE04EC0-301F-11D3-BF4B-00C04F79EFBC}") = "MediaPortal.OnlineLibraries.TheMovieDb", "MediaPortal.OnlineLibraries\MediaPortal.OnlineLibraries.TheMovieDb\MediaPortal.OnlineLibraries.TheMovieDb.csproj", "{24B5D6EE-3937-4A1F-9399-836E9377718C}"
EndProject
Project("{FAE04EC0-301F-11D3-BF4B-00C04F79EFBC}") = "MediaPortal.OnlineLibraries.TheTvDb", "MediaPortal.OnlineLibraries\MediaPortal.OnlineLibraries.TheTvDb\MediaPortal.OnlineLibraries.TheTvDb.csproj", "{A1610C93-9B53-4D04-BE42-C5D90D5D5680}"
EndProject
Global
	GlobalSection(SolutionConfigurationPlatforms) = preSolution
		Debug|x86 = Debug|x86
		Release|x86 = Release|x86
	EndGlobalSection
	GlobalSection(ProjectConfigurationPlatforms) = postSolution
		{3C417313-160B-49C5-8BBE-3B2FA32AF990}.Debug|x86.ActiveCfg = Debug|x86
		{3C417313-160B-49C5-8BBE-3B2FA32AF990}.Debug|x86.Build.0 = Debug|x86
		{3C417313-160B-49C5-8BBE-3B2FA32AF990}.Release|x86.ActiveCfg = Release|x86
		{3C417313-160B-49C5-8BBE-3B2FA32AF990}.Release|x86.Build.0 = Release|x86
		{22305E6B-EBB8-4A25-9145-6CC1D9431D00}.Debug|x86.ActiveCfg = Debug|x86
		{22305E6B-EBB8-4A25-9145-6CC1D9431D00}.Debug|x86.Build.0 = Debug|x86
		{22305E6B-EBB8-4A25-9145-6CC1D9431D00}.Release|x86.ActiveCfg = Release|x86
		{22305E6B-EBB8-4A25-9145-6CC1D9431D00}.Release|x86.Build.0 = Release|x86
		{24B5D6EE-3937-4A1F-9399-836E9377718C}.Debug|x86.ActiveCfg = Debug|x86
		{24B5D6EE-3937-4A1F-9399-836E9377718C}.Debug|x86.Build.0 = Debug|x86
		{24B5D6EE-3937-4A1F-9399-836E9377718C}.Release|x86.ActiveCfg = Release|x86
		{24B5D6EE-3937-4A1F-9399-836E9377718C}.Release|x86.Build.0 = Release|x86
		{A1610C93-9B53-4D04-BE42-C5D90D5D5680}.Debug|x86.ActiveCfg = Debug|x86
		{A1610C93-9B53-4D04-BE42-C5D90D5D5680}.Debug|x86.Build.0 = Debug|x86
		{A1610C93-9B53-4D04-BE42-C5D90D5D5680}.Release|x86.ActiveCfg = Release|x86
		{A1610C93-9B53-4D04-BE42-C5D90D5D5680}.Release|x86.Build.0 = Release|x86
	EndGlobalSection
	GlobalSection(SolutionProperties) = preSolution
		HideSolutionNode = FALSE
	EndGlobalSection
	GlobalSection(NestedProjects) = preSolution
		{22305E6B-EBB8-4A25-9145-6CC1D9431D00} = {1CC8AF7B-F88D-4845-A25D-6B9CBB153AA0}
		{24B5D6EE-3937-4A1F-9399-836E9377718C} = {1CC8AF7B-F88D-4845-A25D-6B9CBB153AA0}
		{A1610C93-9B53-4D04-BE42-C5D90D5D5680} = {1CC8AF7B-F88D-4845-A25D-6B9CBB153AA0}
	EndGlobalSection
EndGlobal
